// !$*UTF8*$!
{
	archiveVersion = 1;
	classes = {
	};
	objectVersion = 48;
	objects = {

/* Begin PBXBuildFile section */
		5A0941CF1FE6983400E86A66 /* VirginiaListViewController.swift in Sources */ = {isa = PBXBuildFile; fileRef = 5A0941CD1FE6983400E86A66 /* VirginiaListViewController.swift */; };
		5A0941D01FE6983400E86A66 /* VirginiaListViewController.xib in Resources */ = {isa = PBXBuildFile; fileRef = 5A0941CE1FE6983400E86A66 /* VirginiaListViewController.xib */; };
		5A65DFB21FE70BF400A2506A /* RestaurantTableViewCell.swift in Sources */ = {isa = PBXBuildFile; fileRef = 5A65DFB01FE70BF400A2506A /* RestaurantTableViewCell.swift */; };
		5A65DFB31FE70BF400A2506A /* RestaurantTableViewCell.xib in Resources */ = {isa = PBXBuildFile; fileRef = 5A65DFB11FE70BF400A2506A /* RestaurantTableViewCell.xib */; };
		5A65DFB61FE7196E00A2506A /* RestaurantDetailViewController.swift in Sources */ = {isa = PBXBuildFile; fileRef = 5A65DFB41FE7196E00A2506A /* RestaurantDetailViewController.swift */; };
		5A65DFB71FE7196E00A2506A /* RestaurantDetailViewController.xib in Resources */ = {isa = PBXBuildFile; fileRef = 5A65DFB51FE7196E00A2506A /* RestaurantDetailViewController.xib */; };
		5A7EBA3D1FE8F987005C4061 /* AttractionDetailViewController.swift in Sources */ = {isa = PBXBuildFile; fileRef = 5A7EBA3B1FE8F987005C4061 /* AttractionDetailViewController.swift */; };
		5A7EBA3E1FE8F987005C4061 /* AttractionDetailViewController.xib in Resources */ = {isa = PBXBuildFile; fileRef = 5A7EBA3C1FE8F987005C4061 /* AttractionDetailViewController.xib */; };
		5A932D9C1FE5B25300A67DC4 /* Montserrat-Regular.otf in Resources */ = {isa = PBXBuildFile; fileRef = 5A932D9A1FE5B25300A67DC4 /* Montserrat-Regular.otf */; };
		5A932D9D1FE5B25300A67DC4 /* OpenSans-Regular.ttf in Resources */ = {isa = PBXBuildFile; fileRef = 5A932D9B1FE5B25300A67DC4 /* OpenSans-Regular.ttf */; };
		5AA23B7C1FE85B0600A082DC /* Restaurant.swift in Sources */ = {isa = PBXBuildFile; fileRef = 5AA23B7B1FE85B0600A082DC /* Restaurant.swift */; };
		5AA23B7E1FE85B2C00A082DC /* Attraction.swift in Sources */ = {isa = PBXBuildFile; fileRef = 5AA23B7D1FE85B2C00A082DC /* Attraction.swift */; };
		5AA23B811FE8667400A082DC /* AttractionTableViewCell.swift in Sources */ = {isa = PBXBuildFile; fileRef = 5AA23B7F1FE8667400A082DC /* AttractionTableViewCell.swift */; };
		5AA23B821FE8667400A082DC /* AttractionTableViewCell.xib in Resources */ = {isa = PBXBuildFile; fileRef = 5AA23B801FE8667400A082DC /* AttractionTableViewCell.xib */; };
		5AABC4F31FE5A48E00548AA9 /* AppDelegate.swift in Sources */ = {isa = PBXBuildFile; fileRef = 5AABC4F21FE5A48E00548AA9 /* AppDelegate.swift */; };
		5AABC4FB1FE5A48E00548AA9 /* VirginiaBeach.xcdatamodeld in Sources */ = {isa = PBXBuildFile; fileRef = 5AABC4F91FE5A48E00548AA9 /* VirginiaBeach.xcdatamodeld */; };
		5AABC4FD1FE5A48E00548AA9 /* Assets.xcassets in Resources */ = {isa = PBXBuildFile; fileRef = 5AABC4FC1FE5A48E00548AA9 /* Assets.xcassets */; };
		5AABC5001FE5A48E00548AA9 /* LaunchScreen.storyboard in Resources */ = {isa = PBXBuildFile; fileRef = 5AABC4FE1FE5A48E00548AA9 /* LaunchScreen.storyboard */; };
		5AABC5091FE5A50000548AA9 /* MainViewController.swift in Sources */ = {isa = PBXBuildFile; fileRef = 5AABC5071FE5A50000548AA9 /* MainViewController.swift */; };
		5AABC50A1FE5A50000548AA9 /* MainViewController.xib in Resources */ = {isa = PBXBuildFile; fileRef = 5AABC5081FE5A50000548AA9 /* MainViewController.xib */; };
		5AB04AF81FE97FAE00EB87F1 /* MapKit.framework in Frameworks */ = {isa = PBXBuildFile; fileRef = 5AB04AF71FE97FAE00EB87F1 /* MapKit.framework */; };
		5AB2F3231FE857A0006B5CEA /* DataHandler.swift in Sources */ = {isa = PBXBuildFile; fileRef = 5AB2F3221FE857A0006B5CEA /* DataHandler.swift */; };
		5AEEF0AF1FE5AFC800A36AFD /* GoogleService-Info.plist in Resources */ = {isa = PBXBuildFile; fileRef = 5AEEF0AE1FE5AFC700A36AFD /* GoogleService-Info.plist */; };
		C569E460257EF0A51FA5D95C /* Pods_VirginiaBeach.framework in Frameworks */ = {isa = PBXBuildFile; fileRef = 6DC3E454A4D4B5D2FC481CD6 /* Pods_VirginiaBeach.framework */; };
/* End PBXBuildFile section */

/* Begin PBXFileReference section */
		36087F7D471A2CC6013754E9 /* Pods-VirginiaBeach.debug.xcconfig */ = {isa = PBXFileReference; includeInIndex = 1; lastKnownFileType = text.xcconfig; name = "Pods-VirginiaBeach.debug.xcconfig"; path = "Pods/Target Support Files/Pods-VirginiaBeach/Pods-VirginiaBeach.debug.xcconfig"; sourceTree = "<group>"; };
		5A0941CD1FE6983400E86A66 /* VirginiaListViewController.swift */ = {isa = PBXFileReference; lastKnownFileType = sourcecode.swift; path = VirginiaListViewController.swift; sourceTree = "<group>"; };
		5A0941CE1FE6983400E86A66 /* VirginiaListViewController.xib */ = {isa = PBXFileReference; lastKnownFileType = file.xib; path = VirginiaListViewController.xib; sourceTree = "<group>"; };
		5A65DFB01FE70BF400A2506A /* RestaurantTableViewCell.swift */ = {isa = PBXFileReference; lastKnownFileType = sourcecode.swift; path = RestaurantTableViewCell.swift; sourceTree = "<group>"; };
		5A65DFB11FE70BF400A2506A /* RestaurantTableViewCell.xib */ = {isa = PBXFileReference; lastKnownFileType = file.xib; path = RestaurantTableViewCell.xib; sourceTree = "<group>"; };
		5A65DFB41FE7196E00A2506A /* RestaurantDetailViewController.swift */ = {isa = PBXFileReference; lastKnownFileType = sourcecode.swift; path = RestaurantDetailViewController.swift; sourceTree = "<group>"; };
		5A65DFB51FE7196E00A2506A /* RestaurantDetailViewController.xib */ = {isa = PBXFileReference; lastKnownFileType = file.xib; path = RestaurantDetailViewController.xib; sourceTree = "<group>"; };
		5A7EBA3B1FE8F987005C4061 /* AttractionDetailViewController.swift */ = {isa = PBXFileReference; lastKnownFileType = sourcecode.swift; path = AttractionDetailViewController.swift; sourceTree = "<group>"; };
		5A7EBA3C1FE8F987005C4061 /* AttractionDetailViewController.xib */ = {isa = PBXFileReference; lastKnownFileType = file.xib; path = AttractionDetailViewController.xib; sourceTree = "<group>"; };
		5A932D9A1FE5B25300A67DC4 /* Montserrat-Regular.otf */ = {isa = PBXFileReference; lastKnownFileType = file; path = "Montserrat-Regular.otf"; sourceTree = "<group>"; };
		5A932D9B1FE5B25300A67DC4 /* OpenSans-Regular.ttf */ = {isa = PBXFileReference; lastKnownFileType = file; path = "OpenSans-Regular.ttf"; sourceTree = "<group>"; };
		5AA23B7B1FE85B0600A082DC /* Restaurant.swift */ = {isa = PBXFileReference; lastKnownFileType = sourcecode.swift; path = Restaurant.swift; sourceTree = "<group>"; };
		5AA23B7D1FE85B2C00A082DC /* Attraction.swift */ = {isa = PBXFileReference; lastKnownFileType = sourcecode.swift; path = Attraction.swift; sourceTree = "<group>"; };
		5AA23B7F1FE8667400A082DC /* AttractionTableViewCell.swift */ = {isa = PBXFileReference; lastKnownFileType = sourcecode.swift; path = AttractionTableViewCell.swift; sourceTree = "<group>"; };
		5AA23B801FE8667400A082DC /* AttractionTableViewCell.xib */ = {isa = PBXFileReference; lastKnownFileType = file.xib; path = AttractionTableViewCell.xib; sourceTree = "<group>"; };
		5AABC4EF1FE5A48E00548AA9 /* VirginiaBeach.app */ = {isa = PBXFileReference; explicitFileType = wrapper.application; includeInIndex = 0; path = VirginiaBeach.app; sourceTree = BUILT_PRODUCTS_DIR; };
		5AABC4F21FE5A48E00548AA9 /* AppDelegate.swift */ = {isa = PBXFileReference; lastKnownFileType = sourcecode.swift; path = AppDelegate.swift; sourceTree = "<group>"; };
		5AABC4FA1FE5A48E00548AA9 /* VirginiaBeach.xcdatamodel */ = {isa = PBXFileReference; lastKnownFileType = wrapper.xcdatamodel; path = VirginiaBeach.xcdatamodel; sourceTree = "<group>"; };
		5AABC4FC1FE5A48E00548AA9 /* Assets.xcassets */ = {isa = PBXFileReference; lastKnownFileType = folder.assetcatalog; path = Assets.xcassets; sourceTree = "<group>"; };
		5AABC4FF1FE5A48E00548AA9 /* Base */ = {isa = PBXFileReference; lastKnownFileType = file.storyboard; name = Base; path = Base.lproj/LaunchScreen.storyboard; sourceTree = "<group>"; };
		5AABC5011FE5A48E00548AA9 /* Info.plist */ = {isa = PBXFileReference; lastKnownFileType = text.plist.xml; path = Info.plist; sourceTree = "<group>"; };
		5AABC5071FE5A50000548AA9 /* MainViewController.swift */ = {isa = PBXFileReference; lastKnownFileType = sourcecode.swift; path = MainViewController.swift; sourceTree = "<group>"; };
		5AABC5081FE5A50000548AA9 /* MainViewController.xib */ = {isa = PBXFileReference; lastKnownFileType = file.xib; path = MainViewController.xib; sourceTree = "<group>"; };
		5AB04AF71FE97FAE00EB87F1 /* MapKit.framework */ = {isa = PBXFileReference; lastKnownFileType = wrapper.framework; name = MapKit.framework; path = System/Library/Frameworks/MapKit.framework; sourceTree = SDKROOT; };
		5AB2F3221FE857A0006B5CEA /* DataHandler.swift */ = {isa = PBXFileReference; lastKnownFileType = sourcecode.swift; path = DataHandler.swift; sourceTree = "<group>"; };
		5AEEF0AE1FE5AFC700A36AFD /* GoogleService-Info.plist */ = {isa = PBXFileReference; fileEncoding = 4; lastKnownFileType = text.plist.xml; path = "GoogleService-Info.plist"; sourceTree = "<group>"; };
		6DC3E454A4D4B5D2FC481CD6 /* Pods_VirginiaBeach.framework */ = {isa = PBXFileReference; explicitFileType = wrapper.framework; includeInIndex = 0; path = Pods_VirginiaBeach.framework; sourceTree = BUILT_PRODUCTS_DIR; };
		E66D68CAEA0FFA8C89093338 /* Pods-VirginiaBeach.release.xcconfig */ = {isa = PBXFileReference; includeInIndex = 1; lastKnownFileType = text.xcconfig; name = "Pods-VirginiaBeach.release.xcconfig"; path = "Pods/Target Support Files/Pods-VirginiaBeach/Pods-VirginiaBeach.release.xcconfig"; sourceTree = "<group>"; };
/* End PBXFileReference section */

/* Begin PBXFrameworksBuildPhase section */
		5AABC4EC1FE5A48E00548AA9 /* Frameworks */ = {
			isa = PBXFrameworksBuildPhase;
			buildActionMask = 2147483647;
			files = (
				5AB04AF81FE97FAE00EB87F1 /* MapKit.framework in Frameworks */,
				C569E460257EF0A51FA5D95C /* Pods_VirginiaBeach.framework in Frameworks */,
			);
			runOnlyForDeploymentPostprocessing = 0;
		};
/* End PBXFrameworksBuildPhase section */

/* Begin PBXGroup section */
		13B8961ED2EFA3333E3C2E65 /* Frameworks */ = {
			isa = PBXGroup;
			children = (
				5AB04AF71FE97FAE00EB87F1 /* MapKit.framework */,
				6DC3E454A4D4B5D2FC481CD6 /* Pods_VirginiaBeach.framework */,
			);
			name = Frameworks;
			sourceTree = "<group>";
		};
		5A932D9E1FE5B26300A67DC4 /* fonts */ = {
			isa = PBXGroup;
			children = (
				5A932D9A1FE5B25300A67DC4 /* Montserrat-Regular.otf */,
				5A932D9B1FE5B25300A67DC4 /* OpenSans-Regular.ttf */,
			);
			path = fonts;
			sourceTree = "<group>";
		};
		5AABC4E61FE5A48E00548AA9 = {
			isa = PBXGroup;
			children = (
				5AABC4F11FE5A48E00548AA9 /* VirginiaBeach */,
				5AABC4F01FE5A48E00548AA9 /* Products */,
				B524DC941F1711893472C181 /* Pods */,
				13B8961ED2EFA3333E3C2E65 /* Frameworks */,
			);
			sourceTree = "<group>";
		};
		5AABC4F01FE5A48E00548AA9 /* Products */ = {
			isa = PBXGroup;
			children = (
				5AABC4EF1FE5A48E00548AA9 /* VirginiaBeach.app */,
			);
			name = Products;
			sourceTree = "<group>";
		};
		5AABC4F11FE5A48E00548AA9 /* VirginiaBeach */ = {
			isa = PBXGroup;
			children = (
				5AABC4F21FE5A48E00548AA9 /* AppDelegate.swift */,
				5AABC5071FE5A50000548AA9 /* MainViewController.swift */,
				5AABC5081FE5A50000548AA9 /* MainViewController.xib */,
				5A0941CD1FE6983400E86A66 /* VirginiaListViewController.swift */,
				5A0941CE1FE6983400E86A66 /* VirginiaListViewController.xib */,
				5A65DFB01FE70BF400A2506A /* RestaurantTableViewCell.swift */,
				5A65DFB11FE70BF400A2506A /* RestaurantTableViewCell.xib */,
				5A65DFB41FE7196E00A2506A /* RestaurantDetailViewController.swift */,
				5A65DFB51FE7196E00A2506A /* RestaurantDetailViewController.xib */,
				5AA23B7F1FE8667400A082DC /* AttractionTableViewCell.swift */,
				5AA23B801FE8667400A082DC /* AttractionTableViewCell.xib */,
				5A7EBA3B1FE8F987005C4061 /* AttractionDetailViewController.swift */,
				5A7EBA3C1FE8F987005C4061 /* AttractionDetailViewController.xib */,
				5AABC4FC1FE5A48E00548AA9 /* Assets.xcassets */,
				5AABC4FE1FE5A48E00548AA9 /* LaunchScreen.storyboard */,
				5A932D9E1FE5B26300A67DC4 /* fonts */,
				5AABC5011FE5A48E00548AA9 /* Info.plist */,
				5AEEF0AE1FE5AFC700A36AFD /* GoogleService-Info.plist */,
				5AABC4F91FE5A48E00548AA9 /* VirginiaBeach.xcdatamodeld */,
				5AB2F3221FE857A0006B5CEA /* DataHandler.swift */,
				5AA23B7B1FE85B0600A082DC /* Restaurant.swift */,
				5AA23B7D1FE85B2C00A082DC /* Attraction.swift */,
			);
			path = VirginiaBeach;
			sourceTree = "<group>";
		};
		B524DC941F1711893472C181 /* Pods */ = {
			isa = PBXGroup;
			children = (
				36087F7D471A2CC6013754E9 /* Pods-VirginiaBeach.debug.xcconfig */,
				E66D68CAEA0FFA8C89093338 /* Pods-VirginiaBeach.release.xcconfig */,
			);
			name = Pods;
			sourceTree = "<group>";
		};
/* End PBXGroup section */

/* Begin PBXNativeTarget section */
		5AABC4EE1FE5A48E00548AA9 /* VirginiaBeach */ = {
			isa = PBXNativeTarget;
			buildConfigurationList = 5AABC5041FE5A48E00548AA9 /* Build configuration list for PBXNativeTarget "VirginiaBeach" */;
			buildPhases = (
				9B35BB784AF152D1307CAFF6 /* [CP] Check Pods Manifest.lock */,
				5AABC4EB1FE5A48E00548AA9 /* Sources */,
				5AABC4EC1FE5A48E00548AA9 /* Frameworks */,
				5AABC4ED1FE5A48E00548AA9 /* Resources */,
				A1FF3843E52733D6662CF556 /* [CP] Embed Pods Frameworks */,
				8AA41A03CDE41B2B737FAA2C /* [CP] Copy Pods Resources */,
			);
			buildRules = (
			);
			dependencies = (
			);
			name = VirginiaBeach;
			productName = VirginiaBeach;
			productReference = 5AABC4EF1FE5A48E00548AA9 /* VirginiaBeach.app */;
			productType = "com.apple.product-type.application";
		};
/* End PBXNativeTarget section */

/* Begin PBXProject section */
		5AABC4E71FE5A48E00548AA9 /* Project object */ = {
			isa = PBXProject;
			attributes = {
				LastSwiftUpdateCheck = 0920;
				LastUpgradeCheck = 0920;
				ORGANIZATIONNAME = Mobyview;
				TargetAttributes = {
					5AABC4EE1FE5A48E00548AA9 = {
						CreatedOnToolsVersion = 9.2;
						ProvisioningStyle = Automatic;
						SystemCapabilities = {
							com.apple.Maps.iOS = {
								enabled = 1;
							};
						};
					};
				};
			};
			buildConfigurationList = 5AABC4EA1FE5A48E00548AA9 /* Build configuration list for PBXProject "VirginiaBeach" */;
			compatibilityVersion = "Xcode 8.0";
			developmentRegion = en;
			hasScannedForEncodings = 0;
			knownRegions = (
				en,
				Base,
			);
			mainGroup = 5AABC4E61FE5A48E00548AA9;
			productRefGroup = 5AABC4F01FE5A48E00548AA9 /* Products */;
			projectDirPath = "";
			projectRoot = "";
			targets = (
				5AABC4EE1FE5A48E00548AA9 /* VirginiaBeach */,
			);
		};
/* End PBXProject section */

/* Begin PBXResourcesBuildPhase section */
		5AABC4ED1FE5A48E00548AA9 /* Resources */ = {
			isa = PBXResourcesBuildPhase;
			buildActionMask = 2147483647;
			files = (
				5A7EBA3E1FE8F987005C4061 /* AttractionDetailViewController.xib in Resources */,
				5A65DFB31FE70BF400A2506A /* RestaurantTableViewCell.xib in Resources */,
				5AABC5001FE5A48E00548AA9 /* LaunchScreen.storyboard in Resources */,
				5AA23B821FE8667400A082DC /* AttractionTableViewCell.xib in Resources */,
				5A0941D01FE6983400E86A66 /* VirginiaListViewController.xib in Resources */,
				5A65DFB71FE7196E00A2506A /* RestaurantDetailViewController.xib in Resources */,
				5AEEF0AF1FE5AFC800A36AFD /* GoogleService-Info.plist in Resources */,
				5AABC50A1FE5A50000548AA9 /* MainViewController.xib in Resources */,
				5A932D9C1FE5B25300A67DC4 /* Montserrat-Regular.otf in Resources */,
				5A932D9D1FE5B25300A67DC4 /* OpenSans-Regular.ttf in Resources */,
				5AABC4FD1FE5A48E00548AA9 /* Assets.xcassets in Resources */,
			);
			runOnlyForDeploymentPostprocessing = 0;
		};
/* End PBXResourcesBuildPhase section */

/* Begin PBXShellScriptBuildPhase section */
		8AA41A03CDE41B2B737FAA2C /* [CP] Copy Pods Resources */ = {
			isa = PBXShellScriptBuildPhase;
			buildActionMask = 2147483647;
			files = (
			);
			inputPaths = (
			);
			name = "[CP] Copy Pods Resources";
			outputPaths = (
			);
			runOnlyForDeploymentPostprocessing = 0;
			shellPath = /bin/sh;
			shellScript = "\"${SRCROOT}/Pods/Target Support Files/Pods-VirginiaBeach/Pods-VirginiaBeach-resources.sh\"\n";
			showEnvVarsInLog = 0;
		};
		9B35BB784AF152D1307CAFF6 /* [CP] Check Pods Manifest.lock */ = {
			isa = PBXShellScriptBuildPhase;
			buildActionMask = 2147483647;
			files = (
			);
			inputPaths = (
				"${PODS_PODFILE_DIR_PATH}/Podfile.lock",
				"${PODS_ROOT}/Manifest.lock",
			);
			name = "[CP] Check Pods Manifest.lock";
			outputPaths = (
				"$(DERIVED_FILE_DIR)/Pods-VirginiaBeach-checkManifestLockResult.txt",
			);
			runOnlyForDeploymentPostprocessing = 0;
			shellPath = /bin/sh;
			shellScript = "diff \"${PODS_PODFILE_DIR_PATH}/Podfile.lock\" \"${PODS_ROOT}/Manifest.lock\" > /dev/null\nif [ $? != 0 ] ; then\n    # print error to STDERR\n    echo \"error: The sandbox is not in sync with the Podfile.lock. Run 'pod install' or update your CocoaPods installation.\" >&2\n    exit 1\nfi\n# This output is used by Xcode 'outputs' to avoid re-running this script phase.\necho \"SUCCESS\" > \"${SCRIPT_OUTPUT_FILE_0}\"\n";
			showEnvVarsInLog = 0;
		};
		A1FF3843E52733D6662CF556 /* [CP] Embed Pods Frameworks */ = {
			isa = PBXShellScriptBuildPhase;
			buildActionMask = 2147483647;
			files = (
			);
			inputPaths = (
				"${SRCROOT}/Pods/Target Support Files/Pods-VirginiaBeach/Pods-VirginiaBeach-frameworks.sh",
				"${BUILT_PRODUCTS_DIR}/GTMSessionFetcher/GTMSessionFetcher.framework",
				"${BUILT_PRODUCTS_DIR}/GoogleToolboxForMac/GoogleToolboxForMac.framework",
				"${BUILT_PRODUCTS_DIR}/nanopb/nanopb.framework",
			);
			name = "[CP] Embed Pods Frameworks";
			outputPaths = (
				"${TARGET_BUILD_DIR}/${FRAMEWORKS_FOLDER_PATH}/GTMSessionFetcher.framework",
				"${TARGET_BUILD_DIR}/${FRAMEWORKS_FOLDER_PATH}/GoogleToolboxForMac.framework",
				"${TARGET_BUILD_DIR}/${FRAMEWORKS_FOLDER_PATH}/nanopb.framework",
			);
			runOnlyForDeploymentPostprocessing = 0;
			shellPath = /bin/sh;
			shellScript = "\"${SRCROOT}/Pods/Target Support Files/Pods-VirginiaBeach/Pods-VirginiaBeach-frameworks.sh\"\n";
			showEnvVarsInLog = 0;
		};
/* End PBXShellScriptBuildPhase section */

/* Begin PBXSourcesBuildPhase section */
		5AABC4EB1FE5A48E00548AA9 /* Sources */ = {
			isa = PBXSourcesBuildPhase;
			buildActionMask = 2147483647;
			files = (
				5AA23B811FE8667400A082DC /* AttractionTableViewCell.swift in Sources */,
				5A65DFB21FE70BF400A2506A /* RestaurantTableViewCell.swift in Sources */,
				5AB2F3231FE857A0006B5CEA /* DataHandler.swift in Sources */,
				5AABC5091FE5A50000548AA9 /* MainViewController.swift in Sources */,
				5AABC4FB1FE5A48E00548AA9 /* VirginiaBeach.xcdatamodeld in Sources */,
				5AA23B7E1FE85B2C00A082DC /* Attraction.swift in Sources */,
				5AA23B7C1FE85B0600A082DC /* Restaurant.swift in Sources */,
				5A0941CF1FE6983400E86A66 /* VirginiaListViewController.swift in Sources */,
				5A65DFB61FE7196E00A2506A /* RestaurantDetailViewController.swift in Sources */,
				5AABC4F31FE5A48E00548AA9 /* AppDelegate.swift in Sources */,
				5A7EBA3D1FE8F987005C4061 /* AttractionDetailViewController.swift in Sources */,
			);
			runOnlyForDeploymentPostprocessing = 0;
		};
/* End PBXSourcesBuildPhase section */

/* Begin PBXVariantGroup section */
		5AABC4FE1FE5A48E00548AA9 /* LaunchScreen.storyboard */ = {
			isa = PBXVariantGroup;
			children = (
				5AABC4FF1FE5A48E00548AA9 /* Base */,
			);
			name = LaunchScreen.storyboard;
			sourceTree = "<group>";
		};
/* End PBXVariantGroup section */

/* Begin XCBuildConfiguration section */
		5AABC5021FE5A48E00548AA9 /* Debug */ = {
			isa = XCBuildConfiguration;
			buildSettings = {
				ALWAYS_SEARCH_USER_PATHS = NO;
				CLANG_ANALYZER_NONNULL = YES;
				CLANG_ANALYZER_NUMBER_OBJECT_CONVERSION = YES_AGGRESSIVE;
				CLANG_CXX_LANGUAGE_STANDARD = "gnu++14";
				CLANG_CXX_LIBRARY = "libc++";
				CLANG_ENABLE_MODULES = YES;
				CLANG_ENABLE_OBJC_ARC = YES;
				CLANG_WARN_BLOCK_CAPTURE_AUTORELEASING = YES;
				CLANG_WARN_BOOL_CONVERSION = YES;
				CLANG_WARN_COMMA = YES;
				CLANG_WARN_CONSTANT_CONVERSION = YES;
				CLANG_WARN_DIRECT_OBJC_ISA_USAGE = YES_ERROR;
				CLANG_WARN_DOCUMENTATION_COMMENTS = YES;
				CLANG_WARN_EMPTY_BODY = YES;
				CLANG_WARN_ENUM_CONVERSION = YES;
				CLANG_WARN_INFINITE_RECURSION = YES;
				CLANG_WARN_INT_CONVERSION = YES;
				CLANG_WARN_NON_LITERAL_NULL_CONVERSION = YES;
				CLANG_WARN_OBJC_LITERAL_CONVERSION = YES;
				CLANG_WARN_OBJC_ROOT_CLASS = YES_ERROR;
				CLANG_WARN_RANGE_LOOP_ANALYSIS = YES;
				CLANG_WARN_STRICT_PROTOTYPES = YES;
				CLANG_WARN_SUSPICIOUS_MOVE = YES;
				CLANG_WARN_UNGUARDED_AVAILABILITY = YES_AGGRESSIVE;
				CLANG_WARN_UNREACHABLE_CODE = YES;
				CLANG_WARN__DUPLICATE_METHOD_MATCH = YES;
				CODE_SIGN_IDENTITY = "iPhone Developer";
				COPY_PHASE_STRIP = NO;
				DEBUG_INFORMATION_FORMAT = dwarf;
				ENABLE_STRICT_OBJC_MSGSEND = YES;
				ENABLE_TESTABILITY = YES;
				GCC_C_LANGUAGE_STANDARD = gnu11;
				GCC_DYNAMIC_NO_PIC = NO;
				GCC_NO_COMMON_BLOCKS = YES;
				GCC_OPTIMIZATION_LEVEL = 0;
				GCC_PREPROCESSOR_DEFINITIONS = (
					"DEBUG=1",
					"$(inherited)",
				);
				GCC_WARN_64_TO_32_BIT_CONVERSION = YES;
				GCC_WARN_ABOUT_RETURN_TYPE = YES_ERROR;
				GCC_WARN_UNDECLARED_SELECTOR = YES;
				GCC_WARN_UNINITIALIZED_AUTOS = YES_AGGRESSIVE;
				GCC_WARN_UNUSED_FUNCTION = YES;
				GCC_WARN_UNUSED_VARIABLE = YES;
				IPHONEOS_DEPLOYMENT_TARGET = 11.2;
				MTL_ENABLE_DEBUG_INFO = YES;
				ONLY_ACTIVE_ARCH = YES;
				SDKROOT = iphoneos;
				SWIFT_ACTIVE_COMPILATION_CONDITIONS = DEBUG;
				SWIFT_OPTIMIZATION_LEVEL = "-Onone";
			};
			name = Debug;
		};
		5AABC5031FE5A48E00548AA9 /* Release */ = {
			isa = XCBuildConfiguration;
			buildSettings = {
				ALWAYS_SEARCH_USER_PATHS = NO;
				CLANG_ANALYZER_NONNULL = YES;
				CLANG_ANALYZER_NUMBER_OBJECT_CONVERSION = YES_AGGRESSIVE;
				CLANG_CXX_LANGUAGE_STANDARD = "gnu++14";
				CLANG_CXX_LIBRARY = "libc++";
				CLANG_ENABLE_MODULES = YES;
				CLANG_ENABLE_OBJC_ARC = YES;
				CLANG_WARN_BLOCK_CAPTURE_AUTORELEASING = YES;
				CLANG_WARN_BOOL_CONVERSION = YES;
				CLANG_WARN_COMMA = YES;
				CLANG_WARN_CONSTANT_CONVERSION = YES;
				CLANG_WARN_DIRECT_OBJC_ISA_USAGE = YES_ERROR;
				CLANG_WARN_DOCUMENTATION_COMMENTS = YES;
				CLANG_WARN_EMPTY_BODY = YES;
				CLANG_WARN_ENUM_CONVERSION = YES;
				CLANG_WARN_INFINITE_RECURSION = YES;
				CLANG_WARN_INT_CONVERSION = YES;
				CLANG_WARN_NON_LITERAL_NULL_CONVERSION = YES;
				CLANG_WARN_OBJC_LITERAL_CONVERSION = YES;
				CLANG_WARN_OBJC_ROOT_CLASS = YES_ERROR;
				CLANG_WARN_RANGE_LOOP_ANALYSIS = YES;
				CLANG_WARN_STRICT_PROTOTYPES = YES;
				CLANG_WARN_SUSPICIOUS_MOVE = YES;
				CLANG_WARN_UNGUARDED_AVAILABILITY = YES_AGGRESSIVE;
				CLANG_WARN_UNREACHABLE_CODE = YES;
				CLANG_WARN__DUPLICATE_METHOD_MATCH = YES;
				CODE_SIGN_IDENTITY = "iPhone Developer";
				COPY_PHASE_STRIP = NO;
				DEBUG_INFORMATION_FORMAT = "dwarf-with-dsym";
				ENABLE_NS_ASSERTIONS = NO;
				ENABLE_STRICT_OBJC_MSGSEND = YES;
				GCC_C_LANGUAGE_STANDARD = gnu11;
				GCC_NO_COMMON_BLOCKS = YES;
				GCC_WARN_64_TO_32_BIT_CONVERSION = YES;
				GCC_WARN_ABOUT_RETURN_TYPE = YES_ERROR;
				GCC_WARN_UNDECLARED_SELECTOR = YES;
				GCC_WARN_UNINITIALIZED_AUTOS = YES_AGGRESSIVE;
				GCC_WARN_UNUSED_FUNCTION = YES;
				GCC_WARN_UNUSED_VARIABLE = YES;
				IPHONEOS_DEPLOYMENT_TARGET = 11.2;
				MTL_ENABLE_DEBUG_INFO = NO;
				SDKROOT = iphoneos;
				SWIFT_OPTIMIZATION_LEVEL = "-Owholemodule";
				VALIDATE_PRODUCT = YES;
			};
			name = Release;
		};
		5AABC5051FE5A48E00548AA9 /* Debug */ = {
			isa = XCBuildConfiguration;
			baseConfigurationReference = 36087F7D471A2CC6013754E9 /* Pods-VirginiaBeach.debug.xcconfig */;
			buildSettings = {
				ASSETCATALOG_COMPILER_APPICON_NAME = AppIcon;
				CODE_SIGN_STYLE = Automatic;
				DEVELOPMENT_TEAM = 2STZ642E42;
				INFOPLIST_FILE = VirginiaBeach/Info.plist;
				LD_RUNPATH_SEARCH_PATHS = "$(inherited) @executable_path/Frameworks";
				PRODUCT_BUNDLE_IDENTIFIER = com.mobyview.VirginiaBeach;
				PRODUCT_NAME = "$(TARGET_NAME)";
				SWIFT_VERSION = 4.0;
				TARGETED_DEVICE_FAMILY = "1,2";
			};
			name = Debug;
		};
		5AABC5061FE5A48E00548AA9 /* Release */ = {
			isa = XCBuildConfiguration;
			baseConfigurationReference = E66D68CAEA0FFA8C89093338 /* Pods-VirginiaBeach.release.xcconfig */;
			buildSettings = {
				ASSETCATALOG_COMPILER_APPICON_NAME = AppIcon;
				CODE_SIGN_STYLE = Automatic;
				DEVELOPMENT_TEAM = 2STZ642E42;
				INFOPLIST_FILE = VirginiaBeach/Info.plist;
				LD_RUNPATH_SEARCH_PATHS = "$(inherited) @executable_path/Frameworks";
				PRODUCT_BUNDLE_IDENTIFIER = com.mobyview.VirginiaBeach;
				PRODUCT_NAME = "$(TARGET_NAME)";
				SWIFT_VERSION = 4.0;
				TARGETED_DEVICE_FAMILY = "1,2";
			};
			name = Release;
		};
/* End XCBuildConfiguration section */

/* Begin XCConfigurationList section */
		5AABC4EA1FE5A48E00548AA9 /* Build configuration list for PBXProject "VirginiaBeach" */ = {
			isa = XCConfigurationList;
			buildConfigurations = (
				5AABC5021FE5A48E00548AA9 /* Debug */,
				5AABC5031FE5A48E00548AA9 /* Release */,
			);
			defaultConfigurationIsVisible = 0;
			defaultConfigurationName = Release;
		};
		5AABC5041FE5A48E00548AA9 /* Build configuration list for PBXNativeTarget "VirginiaBeach" */ = {
			isa = XCConfigurationList;
			buildConfigurations = (
				5AABC5051FE5A48E00548AA9 /* Debug */,
				5AABC5061FE5A48E00548AA9 /* Release */,
			);
			defaultConfigurationIsVisible = 0;
			defaultConfigurationName = Release;
		};
/* End XCConfigurationList section */

/* Begin XCVersionGroup section */
		5AABC4F91FE5A48E00548AA9 /* VirginiaBeach.xcdatamodeld */ = {
			isa = XCVersionGroup;
			children = (
				5AABC4FA1FE5A48E00548AA9 /* VirginiaBeach.xcdatamodel */,
			);
			currentVersion = 5AABC4FA1FE5A48E00548AA9 /* VirginiaBeach.xcdatamodel */;
			path = VirginiaBeach.xcdatamodeld;
			sourceTree = "<group>";
			versionGroupType = wrapper.xcdatamodel;
		};
/* End XCVersionGroup section */
	};
	rootObject = 5AABC4E71FE5A48E00548AA9 /* Project object */;
}
